{
  "name": "dee-emci",
  "version": "0.1.0",
  "lockfileVersion": 1,
  "requires": true,
  "dependencies": {
    "lokijs": {
      "version": "1.5.1",
      "resolved": "https://registry.npmjs.org/lokijs/-/lokijs-1.5.1.tgz",
      "integrity": "sha512-Pj67gdP6CxUPV7AXM/VAnUZNyKR6mx4JxNmZfVG7XeebBZyrd8iLcKxKutc6Z5akJlMb0EeCxPW8/YkCPiMQbw=="
    },
    "node-cron": {
      "version": "1.2.1",
      "resolved": "https://registry.npmjs.org/node-cron/-/node-cron-1.2.1.tgz",
      "integrity": "sha1-jJC8XccjpWKJsHhmVatKHEy2A2g="
    }
  }
}
